
Microsoft Visual Studio Solution File, Format Version 12.00
# Visual Studio Version 17
VisualStudioVersion = 17.5.002.0
MinimumVisualStudioVersion = 10.0.40219.1
Project("{9A19103F-16F7-4668-BE54-9A1E7A4F7556}") = "DesafioPOO", "DesafioPOO.csproj", "{591D7133-F141-46D2-A7B8-B228678F5CE4}"
EndProject
Global
	GlobalSection(SolutionConfigurationPlatforms) = preSolution
		Debug|Any CPU = Debug|Any CPU
		Release|Any CPU = Release|Any CPU
	EndGlobalSection
	GlobalSection(ProjectConfigurationPlatforms) = postSolution
		{591D7133-F141-46D2-A7B8-B228678F5CE4}.Debug|Any CPU.ActiveCfg = Debug|Any CPU
		{591D7133-F141-46D2-A7B8-B228678F5CE4}.Debug|Any CPU.Build.0 = Debug|Any CPU
		{591D7133-F141-46D2-A7B8-B228678F5CE4}.Release|Any CPU.ActiveCfg = Release|Any CPU
		{591D7133-F141-46D2-A7B8-B228678F5CE4}.Release|Any CPU.Build.0 = Release|Any CPU
	EndGlobalSection
	GlobalSection(SolutionProperties) = preSolution
		HideSolutionNode = FALSE
	EndGlobalSection
	GlobalSection(ExtensibilityGlobals) = postSolution
		SolutionGuid = {5BE296C5-F0C2-4A7F-82E0-2D86EA72FC2A}
	EndGlobalSection
EndGlobal
